
Microsoft Visual Studio Solution File, Format Version 12.00
# Visual Studio Version 16
VisualStudioVersion = 16.0.31112.23
MinimumVisualStudioVersion = 10.0.40219.1
Project("{FAE04EC0-301F-11D3-BF4B-00C04F79EFBC}") = "第五次课堂作业2", "第五次课堂作业2\第五次课堂作业2.csproj", "{BD404CC2-6D97-42AD-B9CE-F904A68A04FB}"
EndProject
Global
	GlobalSection(SolutionConfigurationPlatforms) = preSolution
		Debug|Any CPU = Debug|Any CPU
		Release|Any CPU = Release|Any CPU
	EndGlobalSection
	GlobalSection(ProjectConfigurationPlatforms) = postSolution
		{BD404CC2-6D97-42AD-B9CE-F904A68A04FB}.Debug|Any CPU.ActiveCfg = Debug|Any CPU
		{BD404CC2-6D97-42AD-B9CE-F904A68A04FB}.Debug|Any CPU.Build.0 = Debug|Any CPU
		{BD404CC2-6D97-42AD-B9CE-F904A68A04FB}.Release|Any CPU.ActiveCfg = Release|Any CPU
		{BD404CC2-6D97-42AD-B9CE-F904A68A04FB}.Release|Any CPU.Build.0 = Release|Any CPU
	EndGlobalSection
	GlobalSection(SolutionProperties) = preSolution
		HideSolutionNode = FALSE
	EndGlobalSection
	GlobalSection(ExtensibilityGlobals) = postSolution
		SolutionGuid = {5F16B257-366F-442C-897F-AFF0042DB4F4}
	EndGlobalSection
EndGlobal
