
Microsoft Visual Studio Solution File, Format Version 12.00
# Visual Studio Version 16
VisualStudioVersion = 16.0.31112.23
MinimumVisualStudioVersion = 10.0.40219.1
Project("{FAE04EC0-301F-11D3-BF4B-00C04F79EFBC}") = "第六次课堂作业", "第六次课堂作业\第六次课堂作业.csproj", "{49D41B2A-1EA4-4991-98C5-30CC2E7DD17B}"
EndProject
Global
	GlobalSection(SolutionConfigurationPlatforms) = preSolution
		Debug|Any CPU = Debug|Any CPU
		Release|Any CPU = Release|Any CPU
	EndGlobalSection
	GlobalSection(ProjectConfigurationPlatforms) = postSolution
		{49D41B2A-1EA4-4991-98C5-30CC2E7DD17B}.Debug|Any CPU.ActiveCfg = Debug|Any CPU
		{49D41B2A-1EA4-4991-98C5-30CC2E7DD17B}.Debug|Any CPU.Build.0 = Debug|Any CPU
		{49D41B2A-1EA4-4991-98C5-30CC2E7DD17B}.Release|Any CPU.ActiveCfg = Release|Any CPU
		{49D41B2A-1EA4-4991-98C5-30CC2E7DD17B}.Release|Any CPU.Build.0 = Release|Any CPU
	EndGlobalSection
	GlobalSection(SolutionProperties) = preSolution
		HideSolutionNode = FALSE
	EndGlobalSection
	GlobalSection(ExtensibilityGlobals) = postSolution
		SolutionGuid = {2D0AE60C-16D9-47D9-9842-6698A2F9A896}
	EndGlobalSection
EndGlobal
