
Microsoft Visual Studio Solution File, Format Version 12.00
# Visual Studio Version 17
VisualStudioVersion = 17.1.32414.318
MinimumVisualStudioVersion = 10.0.40219.1
Project("{FAE04EC0-301F-11D3-BF4B-00C04F79EFBC}") = "第十次课堂作业", "第十次课堂作业\第十次课堂作业.csproj", "{09CA7067-AEFF-4648-993C-EC12A6DE686A}"
EndProject
Global
	GlobalSection(SolutionConfigurationPlatforms) = preSolution
		Debug|Any CPU = Debug|Any CPU
		Release|Any CPU = Release|Any CPU
	EndGlobalSection
	GlobalSection(ProjectConfigurationPlatforms) = postSolution
		{09CA7067-AEFF-4648-993C-EC12A6DE686A}.Debug|Any CPU.ActiveCfg = Debug|Any CPU
		{09CA7067-AEFF-4648-993C-EC12A6DE686A}.Debug|Any CPU.Build.0 = Debug|Any CPU
		{09CA7067-AEFF-4648-993C-EC12A6DE686A}.Release|Any CPU.ActiveCfg = Release|Any CPU
		{09CA7067-AEFF-4648-993C-EC12A6DE686A}.Release|Any CPU.Build.0 = Release|Any CPU
	EndGlobalSection
	GlobalSection(SolutionProperties) = preSolution
		HideSolutionNode = FALSE
	EndGlobalSection
	GlobalSection(ExtensibilityGlobals) = postSolution
		SolutionGuid = {0FAD21C4-2D78-479B-BDBF-306ADC279C03}
	EndGlobalSection
EndGlobal
