
Microsoft Visual Studio Solution File, Format Version 12.00
# Visual Studio Version 17
VisualStudioVersion = 17.1.32414.318
MinimumVisualStudioVersion = 10.0.40219.1
Project("{FAE04EC0-301F-11D3-BF4B-00C04F79EFBC}") = "第十一次课堂作业", "第十一次课堂作业\第十一次课堂作业.csproj", "{06AC788A-0482-42E0-96BB-031301951A5D}"
EndProject
Global
	GlobalSection(SolutionConfigurationPlatforms) = preSolution
		Debug|Any CPU = Debug|Any CPU
		Release|Any CPU = Release|Any CPU
	EndGlobalSection
	GlobalSection(ProjectConfigurationPlatforms) = postSolution
		{06AC788A-0482-42E0-96BB-031301951A5D}.Debug|Any CPU.ActiveCfg = Debug|Any CPU
		{06AC788A-0482-42E0-96BB-031301951A5D}.Debug|Any CPU.Build.0 = Debug|Any CPU
		{06AC788A-0482-42E0-96BB-031301951A5D}.Release|Any CPU.ActiveCfg = Release|Any CPU
		{06AC788A-0482-42E0-96BB-031301951A5D}.Release|Any CPU.Build.0 = Release|Any CPU
	EndGlobalSection
	GlobalSection(SolutionProperties) = preSolution
		HideSolutionNode = FALSE
	EndGlobalSection
	GlobalSection(ExtensibilityGlobals) = postSolution
		SolutionGuid = {11987D61-9A5A-4F5F-99FA-7DACAE7A419F}
	EndGlobalSection
EndGlobal
