
Microsoft Visual Studio Solution File, Format Version 12.00
# Visual Studio Version 16
VisualStudioVersion = 16.0.31112.23
MinimumVisualStudioVersion = 10.0.40219.1
Project("{FAE04EC0-301F-11D3-BF4B-00C04F79EFBC}") = "第五次课堂作业1", "第五次课堂作业1\第五次课堂作业1.csproj", "{4A299E0A-50F0-4F25-A7B3-746149F24BC1}"
EndProject
Global
	GlobalSection(SolutionConfigurationPlatforms) = preSolution
		Debug|Any CPU = Debug|Any CPU
		Release|Any CPU = Release|Any CPU
	EndGlobalSection
	GlobalSection(ProjectConfigurationPlatforms) = postSolution
		{4A299E0A-50F0-4F25-A7B3-746149F24BC1}.Debug|Any CPU.ActiveCfg = Debug|Any CPU
		{4A299E0A-50F0-4F25-A7B3-746149F24BC1}.Debug|Any CPU.Build.0 = Debug|Any CPU
		{4A299E0A-50F0-4F25-A7B3-746149F24BC1}.Release|Any CPU.ActiveCfg = Release|Any CPU
		{4A299E0A-50F0-4F25-A7B3-746149F24BC1}.Release|Any CPU.Build.0 = Release|Any CPU
	EndGlobalSection
	GlobalSection(SolutionProperties) = preSolution
		HideSolutionNode = FALSE
	EndGlobalSection
	GlobalSection(ExtensibilityGlobals) = postSolution
		SolutionGuid = {31B96AC1-B329-4A4D-AA9F-732E35DAEB1F}
	EndGlobalSection
EndGlobal
